Microsoft Visual Studio Solution File, Format Version 12.00
# Visual Studio Version 17
VisualStudioVersion = 17.5.2.0
MinimumVisualStudioVersion = 10.0.40219.1
Project("{FAE04EC0-301F-11D3-BF4B-00C04F79EFBC}") = "ToggleableMetaupgrades", "ToggleableMetaupgrades\ToggleableMetaupgrades.csproj", "{2C1E39CC-7814-865F-4B95-28A3274F03F3}"
EndProject
Global
	GlobalSection(SolutionConfigurationPlatforms) = preSolution
		Debug|Any CPU = Debug|Any CPU
		Release|Any CPU = Release|Any CPU
	EndGlobalSection
	GlobalSection(ProjectConfigurationPlatforms) = postSolution
		{2C1E39CC-7814-865F-4B95-28A3274F03F3}.Debug|Any CPU.ActiveCfg = Debug|Any CPU
		{2C1E39CC-7814-865F-4B95-28A3274F03F3}.Debug|Any CPU.Build.0 = Debug|Any CPU
		{2C1E39CC-7814-865F-4B95-28A3274F03F3}.Release|Any CPU.ActiveCfg = Release|Any CPU
		{2C1E39CC-7814-865F-4B95-28A3274F03F3}.Release|Any CPU.Build.0 = Release|Any CPU
	EndGlobalSection
	GlobalSection(SolutionProperties) = preSolution
		HideSolutionNode = FALSE
	EndGlobalSection
	GlobalSection(ExtensibilityGlobals) = postSolution
		SolutionGuid = {4EFAF455-8B88-4093-97A4-B5DB3F41C805}
	EndGlobalSection
EndGlobal
